
Microsoft Visual Studio Solution File, Format Version 12.00
# Visual Studio Version 16
VisualStudioVersion = 25.0.1706.0
MinimumVisualStudioVersion = 10.0.40219.1
Project("{FAE04EC0-301F-11D3-BF4B-00C04F79EFBC}") = "Generics", "Generics\Generics.csproj", "{6647C47F-F201-4A2B-AD4E-B3763D88E91B}"
EndProject
Global
	GlobalSection(SolutionConfigurationPlatforms) = preSolution
		Debug|Any CPU = Debug|Any CPU
		Release|Any CPU = Release|Any CPU
	EndGlobalSection
	GlobalSection(ProjectConfigurationPlatforms) = postSolution
		{6647C47F-F201-4A2B-AD4E-B3763D88E91B}.Debug|Any CPU.ActiveCfg = Debug|Any CPU
		{6647C47F-F201-4A2B-AD4E-B3763D88E91B}.Debug|Any CPU.Build.0 = Debug|Any CPU
		{6647C47F-F201-4A2B-AD4E-B3763D88E91B}.Release|Any CPU.ActiveCfg = Release|Any CPU
		{6647C47F-F201-4A2B-AD4E-B3763D88E91B}.Release|Any CPU.Build.0 = Release|Any CPU
	EndGlobalSection
	GlobalSection(SolutionProperties) = preSolution
		HideSolutionNode = FALSE
	EndGlobalSection
	GlobalSection(ExtensibilityGlobals) = postSolution
		SolutionGuid = {ABAD3E0F-43B9-4855-A457-F17B2D335589}
	EndGlobalSection
EndGlobal
